
Microsoft Visual Studio Solution File, Format Version 12.00
# Visual Studio Version 17
VisualStudioVersion = 17.2.32516.85
MinimumVisualStudioVersion = 10.0.40219.1
Project("{9A19103F-16F7-4668-BE54-9A1E7A4F7556}") = "Domain", "Domain\Domain.csproj", "{03D64FF2-43A8-4D07-A319-52E5C3A035CF}"
EndProject
Project("{9A19103F-16F7-4668-BE54-9A1E7A4F7556}") = "Application", "Application\Application.csproj", "{666AC318-5B12-4247-AA98-D890B580CF3F}"
EndProject
Project("{9A19103F-16F7-4668-BE54-9A1E7A4F7556}") = "Infrastructure", "Infrastructure\Infrastructure.csproj", "{F2EA8E1C-EDFB-4AC7-9943-674C41264E59}"
EndProject
Project("{9A19103F-16F7-4668-BE54-9A1E7A4F7556}") = "API", "API\API.csproj", "{49F37DC3-202D-40D5-8C48-420445E3F1BD}"
EndProject
Project("{2150E333-8FDC-42A3-9474-1A3956D46DE8}") = "Solution Items", "Solution Items", "{577535BA-01B0-454A-A098-CE94A44C29E3}"
EndProject
Global
	GlobalSection(SolutionConfigurationPlatforms) = preSolution
		Debug|Any CPU = Debug|Any CPU
		Release|Any CPU = Release|Any CPU
	EndGlobalSection
	GlobalSection(ProjectConfigurationPlatforms) = postSolution
		{03D64FF2-43A8-4D07-A319-52E5C3A035CF}.Debug|Any CPU.ActiveCfg = Debug|Any CPU
		{03D64FF2-43A8-4D07-A319-52E5C3A035CF}.Debug|Any CPU.Build.0 = Debug|Any CPU
		{03D64FF2-43A8-4D07-A319-52E5C3A035CF}.Release|Any CPU.ActiveCfg = Release|Any CPU
		{03D64FF2-43A8-4D07-A319-52E5C3A035CF}.Release|Any CPU.Build.0 = Release|Any CPU
		{666AC318-5B12-4247-AA98-D890B580CF3F}.Debug|Any CPU.ActiveCfg = Debug|Any CPU
		{666AC318-5B12-4247-AA98-D890B580CF3F}.Debug|Any CPU.Build.0 = Debug|Any CPU
		{666AC318-5B12-4247-AA98-D890B580CF3F}.Release|Any CPU.ActiveCfg = Release|Any CPU
		{666AC318-5B12-4247-AA98-D890B580CF3F}.Release|Any CPU.Build.0 = Release|Any CPU
		{F2EA8E1C-EDFB-4AC7-9943-674C41264E59}.Debug|Any CPU.ActiveCfg = Debug|Any CPU
		{F2EA8E1C-EDFB-4AC7-9943-674C41264E59}.Debug|Any CPU.Build.0 = Debug|Any CPU
		{F2EA8E1C-EDFB-4AC7-9943-674C41264E59}.Release|Any CPU.ActiveCfg = Release|Any CPU
		{F2EA8E1C-EDFB-4AC7-9943-674C41264E59}.Release|Any CPU.Build.0 = Release|Any CPU
		{49F37DC3-202D-40D5-8C48-420445E3F1BD}.Debug|Any CPU.ActiveCfg = Debug|Any CPU
		{49F37DC3-202D-40D5-8C48-420445E3F1BD}.Debug|Any CPU.Build.0 = Debug|Any CPU
		{49F37DC3-202D-40D5-8C48-420445E3F1BD}.Release|Any CPU.ActiveCfg = Release|Any CPU
		{49F37DC3-202D-40D5-8C48-420445E3F1BD}.Release|Any CPU.Build.0 = Release|Any CPU
	EndGlobalSection
	GlobalSection(SolutionProperties) = preSolution
		HideSolutionNode = FALSE
	EndGlobalSection
	GlobalSection(ExtensibilityGlobals) = postSolution
		SolutionGuid = {4A0337D1-70C1-4181-B715-37030FB0FFBF}
	EndGlobalSection
EndGlobal
